
Microsoft Visual Studio Solution File, Format Version 12.00
# Visual Studio Version 17
VisualStudioVersion = 17.0.31903.59
MinimumVisualStudioVersion = 10.0.40219.1
Project("{FAE04EC0-301F-11D3-BF4B-00C04F79EFBC}") = "GrpcClient", "GrpcClient\GrpcClient.csproj", "{B35F142A-7CC4-40B1-A7A2-53DA98EF3AE4}"
EndProject
Project("{FAE04EC0-301F-11D3-BF4B-00C04F79EFBC}") = "RestClient", "RestClient\RestClient.csproj", "{05BB0484-0DDA-40E1-A7BC-9636352B333A}"
EndProject
Global
	GlobalSection(SolutionConfigurationPlatforms) = preSolution
		Debug|Any CPU = Debug|Any CPU
		Release|Any CPU = Release|Any CPU
	EndGlobalSection
	GlobalSection(ProjectConfigurationPlatforms) = postSolution
		{B35F142A-7CC4-40B1-A7A2-53DA98EF3AE4}.Debug|Any CPU.ActiveCfg = Debug|Any CPU
		{B35F142A-7CC4-40B1-A7A2-53DA98EF3AE4}.Debug|Any CPU.Build.0 = Debug|Any CPU
		{B35F142A-7CC4-40B1-A7A2-53DA98EF3AE4}.Release|Any CPU.ActiveCfg = Release|Any CPU
		{B35F142A-7CC4-40B1-A7A2-53DA98EF3AE4}.Release|Any CPU.Build.0 = Release|Any CPU
		{05BB0484-0DDA-40E1-A7BC-9636352B333A}.Debug|Any CPU.ActiveCfg = Debug|Any CPU
		{05BB0484-0DDA-40E1-A7BC-9636352B333A}.Debug|Any CPU.Build.0 = Debug|Any CPU
		{05BB0484-0DDA-40E1-A7BC-9636352B333A}.Release|Any CPU.ActiveCfg = Release|Any CPU
		{05BB0484-0DDA-40E1-A7BC-9636352B333A}.Release|Any CPU.Build.0 = Release|Any CPU
	EndGlobalSection
	GlobalSection(SolutionProperties) = preSolution
		HideSolutionNode = FALSE
	EndGlobalSection
	GlobalSection(ExtensibilityGlobals) = postSolution
		SolutionGuid = {903EF5B1-D92B-43FD-9068-AEDF48A3CB57}
	EndGlobalSection
EndGlobal
